
Microsoft Visual Studio Solution File, Format Version 12.00
# Visual Studio Version 16
VisualStudioVersion = 16.0.28803.202
MinimumVisualStudioVersion = 10.0.40219.1
Project("{F2A71F9B-5D33-465A-A702-920D77279786}") = "Task16", "Task16\Task16.fsproj", "{CE0F30D1-5A0B-41F3-A125-52BCEC91A7E0}"
EndProject
Global
	GlobalSection(SolutionConfigurationPlatforms) = preSolution
		Debug|Any CPU = Debug|Any CPU
		Release|Any CPU = Release|Any CPU
	EndGlobalSection
	GlobalSection(ProjectConfigurationPlatforms) = postSolution
		{CE0F30D1-5A0B-41F3-A125-52BCEC91A7E0}.Debug|Any CPU.ActiveCfg = Debug|Any CPU
		{CE0F30D1-5A0B-41F3-A125-52BCEC91A7E0}.Debug|Any CPU.Build.0 = Debug|Any CPU
		{CE0F30D1-5A0B-41F3-A125-52BCEC91A7E0}.Release|Any CPU.ActiveCfg = Release|Any CPU
		{CE0F30D1-5A0B-41F3-A125-52BCEC91A7E0}.Release|Any CPU.Build.0 = Release|Any CPU
	EndGlobalSection
	GlobalSection(SolutionProperties) = preSolution
		HideSolutionNode = FALSE
	EndGlobalSection
	GlobalSection(ExtensibilityGlobals) = postSolution
		SolutionGuid = {A5717F7C-AD46-41F7-B084-FDEEF8C9144C}
	EndGlobalSection
EndGlobal
